
Microsoft Visual Studio Solution File, Format Version 12.00
# Visual Studio Version 17
VisualStudioVersion = 17.3.32901.215
MinimumVisualStudioVersion = 10.0.40219.1
Project("{FAE04EC0-301F-11D3-BF4B-00C04F79EFBC}") = "MinecraftConsole", "MinecraftConsole\MinecraftConsole.csproj", "{3D008134-D7AF-41F4-AA06-4D96FC7A688D}"
EndProject
Global
	GlobalSection(SolutionConfigurationPlatforms) = preSolution
		Debug|Any CPU = Debug|Any CPU
		Release|Any CPU = Release|Any CPU
	EndGlobalSection
	GlobalSection(ProjectConfigurationPlatforms) = postSolution
		{3D008134-D7AF-41F4-AA06-4D96FC7A688D}.Debug|Any CPU.ActiveCfg = Debug|Any CPU
		{3D008134-D7AF-41F4-AA06-4D96FC7A688D}.Debug|Any CPU.Build.0 = Debug|Any CPU
		{3D008134-D7AF-41F4-AA06-4D96FC7A688D}.Release|Any CPU.ActiveCfg = Release|Any CPU
		{3D008134-D7AF-41F4-AA06-4D96FC7A688D}.Release|Any CPU.Build.0 = Release|Any CPU
	EndGlobalSection
	GlobalSection(SolutionProperties) = preSolution
		HideSolutionNode = FALSE
	EndGlobalSection
	GlobalSection(ExtensibilityGlobals) = postSolution
		SolutionGuid = {35B0D71A-CE39-4BC3-A321-6FFAD98E4D61}
	EndGlobalSection
EndGlobal
